// !$*UTF8*$!
{
	archiveVersion = 1;
	classes = {
	};
	objectVersion = 56;
	objects = {

/* Begin PBXBuildFile section */
		BA3C805D2BC224DD009DF1C1 /* ContentView-ViewModel.swift in Sources */ = {isa = PBXBuildFile; fileRef = BA3C805C2BC224DD009DF1C1 /* ContentView-ViewModel.swift */; };
		BA59589F2BBECBB200F729DF /* Location.swift in Sources */ = {isa = PBXBuildFile; fileRef = BA59589E2BBECBB200F729DF /* Location.swift */; };
		BA7D6D012BBB0DAF0037C3FA /* Weather.swift in Sources */ = {isa = PBXBuildFile; fileRef = BA7D6D002BBB0DAF0037C3FA /* Weather.swift */; };
		BAC27FD32BC076C200FEBC89 /* EditView.swift in Sources */ = {isa = PBXBuildFile; fileRef = BAC27FD22BC076C200FEBC89 /* EditView.swift */; };
		BAC27FD72BC1CE0B00FEBC89 /* Vortex in Frameworks */ = {isa = PBXBuildFile; productRef = BAC27FD62BC1CE0B00FEBC89 /* Vortex */; };
		BAC657A92BB5BE4A00CED0AA /* OpenWeatherMapApp.swift in Sources */ = {isa = PBXBuildFile; fileRef = BAC657A82BB5BE4A00CED0AA /* OpenWeatherMapApp.swift */; };
		BAC657AB2BB5BE4A00CED0AA /* ContentView.swift in Sources */ = {isa = PBXBuildFile; fileRef = BAC657AA2BB5BE4A00CED0AA /* ContentView.swift */; };
		BAC657AD2BB5BE4E00CED0AA /* Assets.xcassets in Resources */ = {isa = PBXBuildFile; fileRef = BAC657AC2BB5BE4E00CED0AA /* Assets.xcassets */; };
		BAC657B02BB5BE4E00CED0AA /* Preview Assets.xcassets in Resources */ = {isa = PBXBuildFile; fileRef = BAC657AF2BB5BE4E00CED0AA /* Preview Assets.xcassets */; };
		BAC657BA2BB5BE4E00CED0AA /* OpenWeatherMapTests.swift in Sources */ = {isa = PBXBuildFile; fileRef = BAC657B92BB5BE4E00CED0AA /* OpenWeatherMapTests.swift */; };
		BAC657C42BB5BE4E00CED0AA /* OpenWeatherMapUITests.swift in Sources */ = {isa = PBXBuildFile; fileRef = BAC657C32BB5BE4E00CED0AA /* OpenWeatherMapUITests.swift */; };
		BAC657C62BB5BE4E00CED0AA /* OpenWeatherMapUITestsLaunchTests.swift in Sources */ = {isa = PBXBuildFile; fileRef = BAC657C52BB5BE4E00CED0AA /* OpenWeatherMapUITestsLaunchTests.swift */; };
/* End PBXBuildFile section */

/* Begin PBXContainerItemProxy section */
		BAC657B62BB5BE4E00CED0AA /* PBXContainerItemProxy */ = {
			isa = PBXContainerItemProxy;
			containerPortal = BAC6579D2BB5BE4A00CED0AA /* Project object */;
			proxyType = 1;
			remoteGlobalIDString = BAC657A42BB5BE4A00CED0AA;
			remoteInfo = OpenWeatherMap;
		};
		BAC657C02BB5BE4E00CED0AA /* PBXContainerItemProxy */ = {
			isa = PBXContainerItemProxy;
			containerPortal = BAC6579D2BB5BE4A00CED0AA /* Project object */;
			proxyType = 1;
			remoteGlobalIDString = BAC657A42BB5BE4A00CED0AA;
			remoteInfo = OpenWeatherMap;
		};
/* End PBXContainerItemProxy section */

/* Begin PBXFileReference section */
		BA3C805C2BC224DD009DF1C1 /* ContentView-ViewModel.swift */ = {isa = PBXFileReference; lastKnownFileType = sourcecode.swift; path = "ContentView-ViewModel.swift"; sourceTree = "<group>"; };
		BA59589E2BBECBB200F729DF /* Location.swift */ = {isa = PBXFileReference; lastKnownFileType = sourcecode.swift; path = Location.swift; sourceTree = "<group>"; };
		BA7D6D002BBB0DAF0037C3FA /* Weather.swift */ = {isa = PBXFileReference; lastKnownFileType = sourcecode.swift; path = Weather.swift; sourceTree = "<group>"; };
		BAC27FD22BC076C200FEBC89 /* EditView.swift */ = {isa = PBXFileReference; lastKnownFileType = sourcecode.swift; path = EditView.swift; sourceTree = "<group>"; };
		BAC657A52BB5BE4A00CED0AA /* OpenWeatherMap.app */ = {isa = PBXFileReference; explicitFileType = wrapper.application; includeInIndex = 0; path = OpenWeatherMap.app; sourceTree = BUILT_PRODUCTS_DIR; };
		BAC657A82BB5BE4A00CED0AA /* OpenWeatherMapApp.swift */ = {isa = PBXFileReference; lastKnownFileType = sourcecode.swift; path = OpenWeatherMapApp.swift; sourceTree = "<group>"; };
		BAC657AA2BB5BE4A00CED0AA /* ContentView.swift */ = {isa = PBXFileReference; lastKnownFileType = sourcecode.swift; path = ContentView.swift; sourceTree = "<group>"; };
		BAC657AC2BB5BE4E00CED0AA /* Assets.xcassets */ = {isa = PBXFileReference; lastKnownFileType = folder.assetcatalog; path = Assets.xcassets; sourceTree = "<group>"; };
		BAC657AF2BB5BE4E00CED0AA /* Preview Assets.xcassets */ = {isa = PBXFileReference; lastKnownFileType = folder.assetcatalog; path = "Preview Assets.xcassets"; sourceTree = "<group>"; };
		BAC657B52BB5BE4E00CED0AA /* OpenWeatherMapTests.xctest */ = {isa = PBXFileReference; explicitFileType = wrapper.cfbundle; includeInIndex = 0; path = OpenWeatherMapTests.xctest; sourceTree = BUILT_PRODUCTS_DIR; };
		BAC657B92BB5BE4E00CED0AA /* OpenWeatherMapTests.swift */ = {isa = PBXFileReference; lastKnownFileType = sourcecode.swift; path = OpenWeatherMapTests.swift; sourceTree = "<group>"; };
		BAC657BF2BB5BE4E00CED0AA /* OpenWeatherMapUITests.xctest */ = {isa = PBXFileReference; explicitFileType = wrapper.cfbundle; includeInIndex = 0; path = OpenWeatherMapUITests.xctest; sourceTree = BUILT_PRODUCTS_DIR; };
		BAC657C32BB5BE4E00CED0AA /* OpenWeatherMapUITests.swift */ = {isa = PBXFileReference; lastKnownFileType = sourcecode.swift; path = OpenWeatherMapUITests.swift; sourceTree = "<group>"; };
		BAC657C52BB5BE4E00CED0AA /* OpenWeatherMapUITestsLaunchTests.swift */ = {isa = PBXFileReference; lastKnownFileType = sourcecode.swift; path = OpenWeatherMapUITestsLaunchTests.swift; sourceTree = "<group>"; };
/* End PBXFileReference section */

/* Begin PBXFrameworksBuildPhase section */
		BAC657A22BB5BE4A00CED0AA /* Frameworks */ = {
			isa = PBXFrameworksBuildPhase;
			buildActionMask = 2147483647;
			files = (
				BAC27FD72BC1CE0B00FEBC89 /* Vortex in Frameworks */,
			);
			runOnlyForDeploymentPostprocessing = 0;
		};
		BAC657B22BB5BE4E00CED0AA /* Frameworks */ = {
			isa = PBXFrameworksBuildPhase;
			buildActionMask = 2147483647;
			files = (
			);
			runOnlyForDeploymentPostprocessing = 0;
		};
		BAC657BC2BB5BE4E00CED0AA /* Frameworks */ = {
			isa = PBXFrameworksBuildPhase;
			buildActionMask = 2147483647;
			files = (
			);
			runOnlyForDeploymentPostprocessing = 0;
		};
/* End PBXFrameworksBuildPhase section */

/* Begin PBXGroup section */
		BAC6579C2BB5BE4A00CED0AA = {
			isa = PBXGroup;
			children = (
				BAC657A72BB5BE4A00CED0AA /* OpenWeatherMap */,
				BAC657B82BB5BE4E00CED0AA /* OpenWeatherMapTests */,
				BAC657C22BB5BE4E00CED0AA /* OpenWeatherMapUITests */,
				BAC657A62BB5BE4A00CED0AA /* Products */,
			);
			sourceTree = "<group>";
		};
		BAC657A62BB5BE4A00CED0AA /* Products */ = {
			isa = PBXGroup;
			children = (
				BAC657A52BB5BE4A00CED0AA /* OpenWeatherMap.app */,
				BAC657B52BB5BE4E00CED0AA /* OpenWeatherMapTests.xctest */,
				BAC657BF2BB5BE4E00CED0AA /* OpenWeatherMapUITests.xctest */,
			);
			name = Products;
			sourceTree = "<group>";
		};
		BAC657A72BB5BE4A00CED0AA /* OpenWeatherMap */ = {
			isa = PBXGroup;
			children = (
				BAC657A82BB5BE4A00CED0AA /* OpenWeatherMapApp.swift */,
				BAC657AA2BB5BE4A00CED0AA /* ContentView.swift */,
				BAC657AC2BB5BE4E00CED0AA /* Assets.xcassets */,
				BAC657AE2BB5BE4E00CED0AA /* Preview Content */,
				BA7D6D002BBB0DAF0037C3FA /* Weather.swift */,
				BA59589E2BBECBB200F729DF /* Location.swift */,
				BA3C805C2BC224DD009DF1C1 /* ContentView-ViewModel.swift */,
				BAC27FD22BC076C200FEBC89 /* EditView.swift */,
			);
			path = OpenWeatherMap;
			sourceTree = "<group>";
		};
		BAC657AE2BB5BE4E00CED0AA /* Preview Content */ = {
			isa = PBXGroup;
			children = (
				BAC657AF2BB5BE4E00CED0AA /* Preview Assets.xcassets */,
			);
			path = "Preview Content";
			sourceTree = "<group>";
		};
		BAC657B82BB5BE4E00CED0AA /* OpenWeatherMapTests */ = {
			isa = PBXGroup;
			children = (
				BAC657B92BB5BE4E00CED0AA /* OpenWeatherMapTests.swift */,
			);
			path = OpenWeatherMapTests;
			sourceTree = "<group>";
		};
		BAC657C22BB5BE4E00CED0AA /* OpenWeatherMapUITests */ = {
			isa = PBXGroup;
			children = (
				BAC657C32BB5BE4E00CED0AA /* OpenWeatherMapUITests.swift */,
				BAC657C52BB5BE4E00CED0AA /* OpenWeatherMapUITestsLaunchTests.swift */,
			);
			path = OpenWeatherMapUITests;
			sourceTree = "<group>";
		};
/* End PBXGroup section */

/* Begin PBXNativeTarget section */
		BAC657A42BB5BE4A00CED0AA /* OpenWeatherMap */ = {
			isa = PBXNativeTarget;
			buildConfigurationList = BAC657C92BB5BE4E00CED0AA /* Build configuration list for PBXNativeTarget "OpenWeatherMap" */;
			buildPhases = (
				BAC657A12BB5BE4A00CED0AA /* Sources */,
				BAC657A22BB5BE4A00CED0AA /* Frameworks */,
				BAC657A32BB5BE4A00CED0AA /* Resources */,
			);
			buildRules = (
			);
			dependencies = (
			);
			name = OpenWeatherMap;
			packageProductDependencies = (
				BAC27FD62BC1CE0B00FEBC89 /* Vortex */,
			);
			productName = OpenWeatherMap;
			productReference = BAC657A52BB5BE4A00CED0AA /* OpenWeatherMap.app */;
			productType = "com.apple.product-type.application";
		};
		BAC657B42BB5BE4E00CED0AA /* OpenWeatherMapTests */ = {
			isa = PBXNativeTarget;
			buildConfigurationList = BAC657CC2BB5BE4E00CED0AA /* Build configuration list for PBXNativeTarget "OpenWeatherMapTests" */;
			buildPhases = (
				BAC657B12BB5BE4E00CED0AA /* Sources */,
				BAC657B22BB5BE4E00CED0AA /* Frameworks */,
				BAC657B32BB5BE4E00CED0AA /* Resources */,
			);
			buildRules = (
			);
			dependencies = (
				BAC657B72BB5BE4E00CED0AA /* PBXTargetDependency */,
			);
			name = OpenWeatherMapTests;
			productName = OpenWeatherMapTests;
			productReference = BAC657B52BB5BE4E00CED0AA /* OpenWeatherMapTests.xctest */;
			productType = "com.apple.product-type.bundle.unit-test";
		};
		BAC657BE2BB5BE4E00CED0AA /* OpenWeatherMapUITests */ = {
			isa = PBXNativeTarget;
			buildConfigurationList = BAC657CF2BB5BE4E00CED0AA /* Build configuration list for PBXNativeTarget "OpenWeatherMapUITests" */;
			buildPhases = (
				BAC657BB2BB5BE4E00CED0AA /* Sources */,
				BAC657BC2BB5BE4E00CED0AA /* Frameworks */,
				BAC657BD2BB5BE4E00CED0AA /* Resources */,
			);
			buildRules = (
			);
			dependencies = (
				BAC657C12BB5BE4E00CED0AA /* PBXTargetDependency */,
			);
			name = OpenWeatherMapUITests;
			productName = OpenWeatherMapUITests;
			productReference = BAC657BF2BB5BE4E00CED0AA /* OpenWeatherMapUITests.xctest */;
			productType = "com.apple.product-type.bundle.ui-testing";
		};
/* End PBXNativeTarget section */

/* Begin PBXProject section */
		BAC6579D2BB5BE4A00CED0AA /* Project object */ = {
			isa = PBXProject;
			attributes = {
				BuildIndependentTargetsInParallel = 1;
				LastSwiftUpdateCheck = 1520;
				LastUpgradeCheck = 1520;
				TargetAttributes = {
					BAC657A42BB5BE4A00CED0AA = {
						CreatedOnToolsVersion = 15.2;
					};
					BAC657B42BB5BE4E00CED0AA = {
						CreatedOnToolsVersion = 15.2;
						TestTargetID = BAC657A42BB5BE4A00CED0AA;
					};
					BAC657BE2BB5BE4E00CED0AA = {
						CreatedOnToolsVersion = 15.2;
						TestTargetID = BAC657A42BB5BE4A00CED0AA;
					};
				};
			};
			buildConfigurationList = BAC657A02BB5BE4A00CED0AA /* Build configuration list for PBXProject "OpenWeatherMap" */;
			compatibilityVersion = "Xcode 14.0";
			developmentRegion = en;
			hasScannedForEncodings = 0;
			knownRegions = (
				en,
				Base,
			);
			mainGroup = BAC6579C2BB5BE4A00CED0AA;
			packageReferences = (
				BAC27FD52BC1CE0B00FEBC89 /* XCRemoteSwiftPackageReference "Vortex" */,
			);
			productRefGroup = BAC657A62BB5BE4A00CED0AA /* Products */;
			projectDirPath = "";
			projectRoot = "";
			targets = (
				BAC657A42BB5BE4A00CED0AA /* OpenWeatherMap */,
				BAC657B42BB5BE4E00CED0AA /* OpenWeatherMapTests */,
				BAC657BE2BB5BE4E00CED0AA /* OpenWeatherMapUITests */,
			);
		};
/* End PBXProject section */

/* Begin PBXResourcesBuildPhase section */
		BAC657A32BB5BE4A00CED0AA /* Resources */ = {
			isa = PBXResourcesBuildPhase;
			buildActionMask = 2147483647;
			files = (
				BAC657B02BB5BE4E00CED0AA /* Preview Assets.xcassets in Resources */,
				BAC657AD2BB5BE4E00CED0AA /* Assets.xcassets in Resources */,
			);
			runOnlyForDeploymentPostprocessing = 0;
		};
		BAC657B32BB5BE4E00CED0AA /* Resources */ = {
			isa = PBXResourcesBuildPhase;
			buildActionMask = 2147483647;
			files = (
			);
			runOnlyForDeploymentPostprocessing = 0;
		};
		BAC657BD2BB5BE4E00CED0AA /* Resources */ = {
			isa = PBXResourcesBuildPhase;
			buildActionMask = 2147483647;
			files = (
			);
			runOnlyForDeploymentPostprocessing = 0;
		};
/* End PBXResourcesBuildPhase section */

/* Begin PBXSourcesBuildPhase section */
		BAC657A12BB5BE4A00CED0AA /* Sources */ = {
			isa = PBXSourcesBuildPhase;
			buildActionMask = 2147483647;
			files = (
				BA59589F2BBECBB200F729DF /* Location.swift in Sources */,
				BA3C805D2BC224DD009DF1C1 /* ContentView-ViewModel.swift in Sources */,
				BAC27FD32BC076C200FEBC89 /* EditView.swift in Sources */,
				BA7D6D012BBB0DAF0037C3FA /* Weather.swift in Sources */,
				BAC657AB2BB5BE4A00CED0AA /* ContentView.swift in Sources */,
				BAC657A92BB5BE4A00CED0AA /* OpenWeatherMapApp.swift in Sources */,
			);
			runOnlyForDeploymentPostprocessing = 0;
		};
		BAC657B12BB5BE4E00CED0AA /* Sources */ = {
			isa = PBXSourcesBuildPhase;
			buildActionMask = 2147483647;
			files = (
				BAC657BA2BB5BE4E00CED0AA /* OpenWeatherMapTests.swift in Sources */,
			);
			runOnlyForDeploymentPostprocessing = 0;
		};
		BAC657BB2BB5BE4E00CED0AA /* Sources */ = {
			isa = PBXSourcesBuildPhase;
			buildActionMask = 2147483647;
			files = (
				BAC657C62BB5BE4E00CED0AA /* OpenWeatherMapUITestsLaunchTests.swift in Sources */,
				BAC657C42BB5BE4E00CED0AA /* OpenWeatherMapUITests.swift in Sources */,
			);
			runOnlyForDeploymentPostprocessing = 0;
		};
/* End PBXSourcesBuildPhase section */

/* Begin PBXTargetDependency section */
		BAC657B72BB5BE4E00CED0AA /* PBXTargetDependency */ = {
			isa = PBXTargetDependency;
			target = BAC657A42BB5BE4A00CED0AA /* OpenWeatherMap */;
			targetProxy = BAC657B62BB5BE4E00CED0AA /* PBXContainerItemProxy */;
		};
		BAC657C12BB5BE4E00CED0AA /* PBXTargetDependency */ = {
			isa = PBXTargetDependency;
			target = BAC657A42BB5BE4A00CED0AA /* OpenWeatherMap */;
			targetProxy = BAC657C02BB5BE4E00CED0AA /* PBXContainerItemProxy */;
		};
/* End PBXTargetDependency section */

/* Begin XCBuildConfiguration section */
		BAC657C72BB5BE4E00CED0AA /* Debug */ = {
			isa = XCBuildConfiguration;
			buildSettings = {
				ALWAYS_SEARCH_USER_PATHS = NO;
				ASSETCATALOG_COMPILER_GENERATE_SWIFT_ASSET_SYMBOL_EXTENSIONS = YES;
				CLANG_ANALYZER_NONNULL = YES;
				CLANG_ANALYZER_NUMBER_OBJECT_CONVERSION = YES_AGGRESSIVE;
				CLANG_CXX_LANGUAGE_STANDARD = "gnu++20";
				CLANG_ENABLE_MODULES = YES;
				CLANG_ENABLE_OBJC_ARC = YES;
				CLANG_ENABLE_OBJC_WEAK = YES;
				CLANG_WARN_BLOCK_CAPTURE_AUTORELEASING = YES;
				CLANG_WARN_BOOL_CONVERSION = YES;
				CLANG_WARN_COMMA = YES;
				CLANG_WARN_CONSTANT_CONVERSION = YES;
				CLANG_WARN_DEPRECATED_OBJC_IMPLEMENTATIONS = YES;
				CLANG_WARN_DIRECT_OBJC_ISA_USAGE = YES_ERROR;
				CLANG_WARN_DOCUMENTATION_COMMENTS = YES;
				CLANG_WARN_EMPTY_BODY = YES;
				CLANG_WARN_ENUM_CONVERSION = YES;
				CLANG_WARN_INFINITE_RECURSION = YES;
				CLANG_WARN_INT_CONVERSION = YES;
				CLANG_WARN_NON_LITERAL_NULL_CONVERSION = YES;
				CLANG_WARN_OBJC_IMPLICIT_RETAIN_SELF = YES;
				CLANG_WARN_OBJC_LITERAL_CONVERSION = YES;
				CLANG_WARN_OBJC_ROOT_CLASS = YES_ERROR;
				CLANG_WARN_QUOTED_INCLUDE_IN_FRAMEWORK_HEADER = YES;
				CLANG_WARN_RANGE_LOOP_ANALYSIS = YES;
				CLANG_WARN_STRICT_PROTOTYPES = YES;
				CLANG_WARN_SUSPICIOUS_MOVE = YES;
				CLANG_WARN_UNGUARDED_AVAILABILITY = YES_AGGRESSIVE;
				CLANG_WARN_UNREACHABLE_CODE = YES;
				CLANG_WARN__DUPLICATE_METHOD_MATCH = YES;
				COPY_PHASE_STRIP = NO;
				DEBUG_INFORMATION_FORMAT = dwarf;
				ENABLE_STRICT_OBJC_MSGSEND = YES;
				ENABLE_TESTABILITY = YES;
				ENABLE_USER_SCRIPT_SANDBOXING = YES;
				GCC_C_LANGUAGE_STANDARD = gnu17;
				GCC_DYNAMIC_NO_PIC = NO;
				GCC_NO_COMMON_BLOCKS = YES;
				GCC_OPTIMIZATION_LEVEL = 0;
				GCC_PREPROCESSOR_DEFINITIONS = (
					"DEBUG=1",
					"$(inherited)",
				);
				GCC_WARN_64_TO_32_BIT_CONVERSION = YES;
				GCC_WARN_ABOUT_RETURN_TYPE = YES_ERROR;
				GCC_WARN_UNDECLARED_SELECTOR = YES;
				GCC_WARN_UNINITIALIZED_AUTOS = YES_AGGRESSIVE;
				GCC_WARN_UNUSED_FUNCTION = YES;
				GCC_WARN_UNUSED_VARIABLE = YES;
				IPHONEOS_DEPLOYMENT_TARGET = 17.2;
				LOCALIZATION_PREFERS_STRING_CATALOGS = YES;
				MTL_ENABLE_DEBUG_INFO = INCLUDE_SOURCE;
				MTL_FAST_MATH = YES;
				ONLY_ACTIVE_ARCH = YES;
				SDKROOT = iphoneos;
				SWIFT_ACTIVE_COMPILATION_CONDITIONS = "DEBUG $(inherited)";
				SWIFT_OPTIMIZATION_LEVEL = "-Onone";
			};
			name = Debug;
		};
		BAC657C82BB5BE4E00CED0AA /* Release */ = {
			isa = XCBuildConfiguration;
			buildSettings = {
				ALWAYS_SEARCH_USER_PATHS = NO;
				ASSETCATALOG_COMPILER_GENERATE_SWIFT_ASSET_SYMBOL_EXTENSIONS = YES;
				CLANG_ANALYZER_NONNULL = YES;
				CLANG_ANALYZER_NUMBER_OBJECT_CONVERSION = YES_AGGRESSIVE;
				CLANG_CXX_LANGUAGE_STANDARD = "gnu++20";
				CLANG_ENABLE_MODULES = YES;
				CLANG_ENABLE_OBJC_ARC = YES;
				CLANG_ENABLE_OBJC_WEAK = YES;
				CLANG_WARN_BLOCK_CAPTURE_AUTORELEASING = YES;
				CLANG_WARN_BOOL_CONVERSION = YES;
				CLANG_WARN_COMMA = YES;
				CLANG_WARN_CONSTANT_CONVERSION = YES;
				CLANG_WARN_DEPRECATED_OBJC_IMPLEMENTATIONS = YES;
				CLANG_WARN_DIRECT_OBJC_ISA_USAGE = YES_ERROR;
				CLANG_WARN_DOCUMENTATION_COMMENTS = YES;
				CLANG_WARN_EMPTY_BODY = YES;
				CLANG_WARN_ENUM_CONVERSION = YES;
				CLANG_WARN_INFINITE_RECURSION = YES;
				CLANG_WARN_INT_CONVERSION = YES;
				CLANG_WARN_NON_LITERAL_NULL_CONVERSION = YES;
				CLANG_WARN_OBJC_IMPLICIT_RETAIN_SELF = YES;
				CLANG_WARN_OBJC_LITERAL_CONVERSION = YES;
				CLANG_WARN_OBJC_ROOT_CLASS = YES_ERROR;
				CLANG_WARN_QUOTED_INCLUDE_IN_FRAMEWORK_HEADER = YES;
				CLANG_WARN_RANGE_LOOP_ANALYSIS = YES;
				CLANG_WARN_STRICT_PROTOTYPES = YES;
				CLANG_WARN_SUSPICIOUS_MOVE = YES;
				CLANG_WARN_UNGUARDED_AVAILABILITY = YES_AGGRESSIVE;
				CLANG_WARN_UNREACHABLE_CODE = YES;
				CLANG_WARN__DUPLICATE_METHOD_MATCH = YES;
				COPY_PHASE_STRIP = NO;
				DEBUG_INFORMATION_FORMAT = "dwarf-with-dsym";
				ENABLE_NS_ASSERTIONS = NO;
				ENABLE_STRICT_OBJC_MSGSEND = YES;
				ENABLE_USER_SCRIPT_SANDBOXING = YES;
				GCC_C_LANGUAGE_STANDARD = gnu17;
				GCC_NO_COMMON_BLOCKS = YES;
				GCC_WARN_64_TO_32_BIT_CONVERSION = YES;
				GCC_WARN_ABOUT_RETURN_TYPE = YES_ERROR;
				GCC_WARN_UNDECLARED_SELECTOR = YES;
				GCC_WARN_UNINITIALIZED_AUTOS = YES_AGGRESSIVE;
				GCC_WARN_UNUSED_FUNCTION = YES;
				GCC_WARN_UNUSED_VARIABLE = YES;
				IPHONEOS_DEPLOYMENT_TARGET = 17.2;
				LOCALIZATION_PREFERS_STRING_CATALOGS = YES;
				MTL_ENABLE_DEBUG_INFO = NO;
				MTL_FAST_MATH = YES;
				SDKROOT = iphoneos;
				SWIFT_COMPILATION_MODE = wholemodule;
				VALIDATE_PRODUCT = YES;
			};
			name = Release;
		};
		BAC657CA2BB5BE4E00CED0AA /* Debug */ = {
			isa = XCBuildConfiguration;
			buildSettings = {
				ASSETCATALOG_COMPILER_APPICON_NAME = AppIcon;
				ASSETCATALOG_COMPILER_GLOBAL_ACCENT_COLOR_NAME = AccentColor;
				CODE_SIGN_STYLE = Automatic;
				CURRENT_PROJECT_VERSION = 1;
				DEVELOPMENT_ASSET_PATHS = "\"OpenWeatherMap/Preview Content\"";
				DEVELOPMENT_TEAM = N9NN3CSS37;
				ENABLE_PREVIEWS = YES;
				GENERATE_INFOPLIST_FILE = YES;
				INFOPLIST_KEY_NSFaceIDUsageDescription = "We need to unlock your data";
				INFOPLIST_KEY_NSLocationAlwaysAndWhenInUseUsageDescription = "We want to help you find your location";
				INFOPLIST_KEY_NSLocationAlwaysUsageDescription = "We want to help you find your location";
				INFOPLIST_KEY_UIApplicationSceneManifest_Generation = YES;
				INFOPLIST_KEY_UIApplicationSupportsIndirectInputEvents = YES;
				INFOPLIST_KEY_UILaunchScreen_Generation = YES;
				INFOPLIST_KEY_UISupportedInterfaceOrientations_iPad = "UIInterfaceOrientationPortrait UIInterfaceOrientationPortraitUpsideDown UIInterfaceOrientationLandscapeLeft UIInterfaceOrientationLandscapeRight";
				INFOPLIST_KEY_UISupportedInterfaceOrientations_iPhone = "UIInterfaceOrientationPortrait UIInterfaceOrientationLandscapeLeft UIInterfaceOrientationLandscapeRight";
				IPHONEOS_DEPLOYMENT_TARGET = 17.0;
				LD_RUNPATH_SEARCH_PATHS = (
					"$(inherited)",
					"@executable_path/Frameworks",
				);
				MARKETING_VERSION = 1.0;
				PRODUCT_BUNDLE_IDENTIFIER = ru.janiecee.OpenWeatherMap;
				PRODUCT_NAME = "$(TARGET_NAME)";
				SWIFT_EMIT_LOC_STRINGS = YES;
				SWIFT_VERSION = 5.0;
				TARGETED_DEVICE_FAMILY = "1,2";
			};
			name = Debug;
		};
		BAC657CB2BB5BE4E00CED0AA /* Release */ = {
			isa = XCBuildConfiguration;
			buildSettings = {
				ASSETCATALOG_COMPILER_APPICON_NAME = AppIcon;
				ASSETCATALOG_COMPILER_GLOBAL_ACCENT_COLOR_NAME = AccentColor;
				CODE_SIGN_STYLE = Automatic;
				CURRENT_PROJECT_VERSION = 1;
				DEVELOPMENT_ASSET_PATHS = "\"OpenWeatherMap/Preview Content\"";
				DEVELOPMENT_TEAM = N9NN3CSS37;
				ENABLE_PREVIEWS = YES;
				GENERATE_INFOPLIST_FILE = YES;
				INFOPLIST_KEY_NSFaceIDUsageDescription = "We need to unlock your data";
				INFOPLIST_KEY_NSLocationAlwaysAndWhenInUseUsageDescription = "We want to help you find your location";
				INFOPLIST_KEY_NSLocationAlwaysUsageDescription = "We want to help you find your location";
				INFOPLIST_KEY_UIApplicationSceneManifest_Generation = YES;
				INFOPLIST_KEY_UIApplicationSupportsIndirectInputEvents = YES;
				INFOPLIST_KEY_UILaunchScreen_Generation = YES;
				INFOPLIST_KEY_UISupportedInterfaceOrientations_iPad = "UIInterfaceOrientationPortrait UIInterfaceOrientationPortraitUpsideDown UIInterfaceOrientationLandscapeLeft UIInterfaceOrientationLandscapeRight";
				INFOPLIST_KEY_UISupportedInterfaceOrientations_iPhone = "UIInterfaceOrientationPortrait UIInterfaceOrientationLandscapeLeft UIInterfaceOrientationLandscapeRight";
				IPHONEOS_DEPLOYMENT_TARGET = 17.0;
				LD_RUNPATH_SEARCH_PATHS = (
					"$(inherited)",
					"@executable_path/Frameworks",
				);
				MARKETING_VERSION = 1.0;
				PRODUCT_BUNDLE_IDENTIFIER = ru.janiecee.OpenWeatherMap;
				PRODUCT_NAME = "$(TARGET_NAME)";
				SWIFT_EMIT_LOC_STRINGS = YES;
				SWIFT_VERSION = 5.0;
				TARGETED_DEVICE_FAMILY = "1,2";
			};
			name = Release;
		};
		BAC657CD2BB5BE4E00CED0AA /* Debug */ = {
			isa = XCBuildConfiguration;
			buildSettings = {
				ALWAYS_EMBED_SWIFT_STANDARD_LIBRARIES = YES;
				BUNDLE_LOADER = "$(TEST_HOST)";
				CODE_SIGN_STYLE = Automatic;
				CURRENT_PROJECT_VERSION = 1;
				DEVELOPMENT_TEAM = N9NN3CSS37;
				GENERATE_INFOPLIST_FILE = YES;
				IPHONEOS_DEPLOYMENT_TARGET = 17.2;
				MARKETING_VERSION = 1.0;
				PRODUCT_BUNDLE_IDENTIFIER = ru.janiecee.OpenWeatherMapTests;
				PRODUCT_NAME = "$(TARGET_NAME)";
				SWIFT_EMIT_LOC_STRINGS = NO;
				SWIFT_VERSION = 5.0;
				TARGETED_DEVICE_FAMILY = "1,2";
				TEST_HOST = "$(BUILT_PRODUCTS_DIR)/OpenWeatherMap.app/$(BUNDLE_EXECUTABLE_FOLDER_PATH)/OpenWeatherMap";
			};
			name = Debug;
		};
		BAC657CE2BB5BE4E00CED0AA /* Release */ = {
			isa = XCBuildConfiguration;
			buildSettings = {
				ALWAYS_EMBED_SWIFT_STANDARD_LIBRARIES = YES;
				BUNDLE_LOADER = "$(TEST_HOST)";
				CODE_SIGN_STYLE = Automatic;
				CURRENT_PROJECT_VERSION = 1;
				DEVELOPMENT_TEAM = N9NN3CSS37;
				GENERATE_INFOPLIST_FILE = YES;
				IPHONEOS_DEPLOYMENT_TARGET = 17.2;
				MARKETING_VERSION = 1.0;
				PRODUCT_BUNDLE_IDENTIFIER = ru.janiecee.OpenWeatherMapTests;
				PRODUCT_NAME = "$(TARGET_NAME)";
				SWIFT_EMIT_LOC_STRINGS = NO;
				SWIFT_VERSION = 5.0;
				TARGETED_DEVICE_FAMILY = "1,2";
				TEST_HOST = "$(BUILT_PRODUCTS_DIR)/OpenWeatherMap.app/$(BUNDLE_EXECUTABLE_FOLDER_PATH)/OpenWeatherMap";
			};
			name = Release;
		};
		BAC657D02BB5BE4E00CED0AA /* Debug */ = {
			isa = XCBuildConfiguration;
			buildSettings = {
				ALWAYS_EMBED_SWIFT_STANDARD_LIBRARIES = YES;
				CODE_SIGN_STYLE = Automatic;
				CURRENT_PROJECT_VERSION = 1;
				DEVELOPMENT_TEAM = N9NN3CSS37;
				GENERATE_INFOPLIST_FILE = YES;
				MARKETING_VERSION = 1.0;
				PRODUCT_BUNDLE_IDENTIFIER = ru.janiecee.OpenWeatherMapUITests;
				PRODUCT_NAME = "$(TARGET_NAME)";
				SWIFT_EMIT_LOC_STRINGS = NO;
				SWIFT_VERSION = 5.0;
				TARGETED_DEVICE_FAMILY = "1,2";
				TEST_TARGET_NAME = OpenWeatherMap;
			};
			name = Debug;
		};
		BAC657D12BB5BE4E00CED0AA /* Release */ = {
			isa = XCBuildConfiguration;
			buildSettings = {
				ALWAYS_EMBED_SWIFT_STANDARD_LIBRARIES = YES;
				CODE_SIGN_STYLE = Automatic;
				CURRENT_PROJECT_VERSION = 1;
				DEVELOPMENT_TEAM = N9NN3CSS37;
				GENERATE_INFOPLIST_FILE = YES;
				MARKETING_VERSION = 1.0;
				PRODUCT_BUNDLE_IDENTIFIER = ru.janiecee.OpenWeatherMapUITests;
				PRODUCT_NAME = "$(TARGET_NAME)";
				SWIFT_EMIT_LOC_STRINGS = NO;
				SWIFT_VERSION = 5.0;
				TARGETED_DEVICE_FAMILY = "1,2";
				TEST_TARGET_NAME = OpenWeatherMap;
			};
			name = Release;
		};
/* End XCBuildConfiguration section */

/* Begin XCConfigurationList section */
		BAC657A02BB5BE4A00CED0AA /* Build configuration list for PBXProject "OpenWeatherMap" */ = {
			isa = XCConfigurationList;
			buildConfigurations = (
				BAC657C72BB5BE4E00CED0AA /* Debug */,
				BAC657C82BB5BE4E00CED0AA /* Release */,
			);
			defaultConfigurationIsVisible = 0;
			defaultConfigurationName = Release;
		};
		BAC657C92BB5BE4E00CED0AA /* Build configuration list for PBXNativeTarget "OpenWeatherMap" */ = {
			isa = XCConfigurationList;
			buildConfigurations = (
				BAC657CA2BB5BE4E00CED0AA /* Debug */,
				BAC657CB2BB5BE4E00CED0AA /* Release */,
			);
			defaultConfigurationIsVisible = 0;
			defaultConfigurationName = Release;
		};
		BAC657CC2BB5BE4E00CED0AA /* Build configuration list for PBXNativeTarget "OpenWeatherMapTests" */ = {
			isa = XCConfigurationList;
			buildConfigurations = (
				BAC657CD2BB5BE4E00CED0AA /* Debug */,
				BAC657CE2BB5BE4E00CED0AA /* Release */,
			);
			defaultConfigurationIsVisible = 0;
			defaultConfigurationName = Release;
		};
		BAC657CF2BB5BE4E00CED0AA /* Build configuration list for PBXNativeTarget "OpenWeatherMapUITests" */ = {
			isa = XCConfigurationList;
			buildConfigurations = (
				BAC657D02BB5BE4E00CED0AA /* Debug */,
				BAC657D12BB5BE4E00CED0AA /* Release */,
			);
			defaultConfigurationIsVisible = 0;
			defaultConfigurationName = Release;
		};
/* End XCConfigurationList section */

/* Begin XCRemoteSwiftPackageReference section */
		BAC27FD52BC1CE0B00FEBC89 /* XCRemoteSwiftPackageReference "Vortex" */ = {
			isa = XCRemoteSwiftPackageReference;
			repositoryURL = "https://github.com/twostraws/Vortex";
			requirement = {
				kind = upToNextMajorVersion;
				minimumVersion = 1.0.0;
			};
		};
/* End XCRemoteSwiftPackageReference section */

/* Begin XCSwiftPackageProductDependency section */
		BAC27FD62BC1CE0B00FEBC89 /* Vortex */ = {
			isa = XCSwiftPackageProductDependency;
			package = BAC27FD52BC1CE0B00FEBC89 /* XCRemoteSwiftPackageReference "Vortex" */;
			productName = Vortex;
		};
/* End XCSwiftPackageProductDependency section */
	};
	rootObject = BAC6579D2BB5BE4A00CED0AA /* Project object */;
}
